// !$*UTF8*$!
{
	archiveVersion = 1;
	classes = {
	};
	objectVersion = 46;
	objects = {

/* Begin PBXBuildFile section */
		295EDDC41F2B4E4C0093D79C /* AppDelegate.swift in Sources */ = {isa = PBXBuildFile; fileRef = 295EDDC31F2B4E4C0093D79C /* AppDelegate.swift */; };
		295EDDC61F2B4E4C0093D79C /* ViewController.swift in Sources */ = {isa = PBXBuildFile; fileRef = 295EDDC51F2B4E4C0093D79C /* ViewController.swift */; };
		295EDDC91F2B4E4C0093D79C /* Main.storyboard in Resources */ = {isa = PBXBuildFile; fileRef = 295EDDC71F2B4E4C0093D79C /* Main.storyboard */; };
		295EDDCB1F2B4E4C0093D79C /* Assets.xcassets in Resources */ = {isa = PBXBuildFile; fileRef = 295EDDCA1F2B4E4C0093D79C /* Assets.xcassets */; };
		295EDDCE1F2B4E4C0093D79C /* LaunchScreen.storyboard in Resources */ = {isa = PBXBuildFile; fileRef = 295EDDCC1F2B4E4C0093D79C /* LaunchScreen.storyboard */; };
		295EDDDB1F2B4EC30093D79C /* ABButton.swift in Sources */ = {isa = PBXBuildFile; fileRef = 295EDDD71F2B4EC30093D79C /* ABButton.swift */; };
		295EDDDC1F2B4EC30093D79C /* PasscodeViewController.swift in Sources */ = {isa = PBXBuildFile; fileRef = 295EDDD81F2B4EC30093D79C /* PasscodeViewController.swift */; };
		295EDDDD1F2B4EC30093D79C /* PasscodeViewController.xib in Resources */ = {isa = PBXBuildFile; fileRef = 295EDDD91F2B4EC30093D79C /* PasscodeViewController.xib */; };
		295EDDDE1F2B4EC30093D79C /* String+Additions.swift in Sources */ = {isa = PBXBuildFile; fileRef = 295EDDDA1F2B4EC30093D79C /* String+Additions.swift */; };
		295EDDE21F2B51330093D79C /* ABPasscode.podspec in Resources */ = {isa = PBXBuildFile; fileRef = 295EDDDF1F2B51330093D79C /* ABPasscode.podspec */; };
		295EDDE31F2B51330093D79C /* LICENSE in Resources */ = {isa = PBXBuildFile; fileRef = 295EDDE01F2B51330093D79C /* LICENSE */; };
		295EDDE41F2B51330093D79C /* README.md in Sources */ = {isa = PBXBuildFile; fileRef = 295EDDE11F2B51330093D79C /* README.md */; };
/* End PBXBuildFile section */

/* Begin PBXFileReference section */
		295EDDC01F2B4E4C0093D79C /* ABPasscode.app */ = {isa = PBXFileReference; explicitFileType = wrapper.application; includeInIndex = 0; path = ABPasscode.app; sourceTree = BUILT_PRODUCTS_DIR; };
		295EDDC31F2B4E4C0093D79C /* AppDelegate.swift */ = {isa = PBXFileReference; lastKnownFileType = sourcecode.swift; path = AppDelegate.swift; sourceTree = "<group>"; };
		295EDDC51F2B4E4C0093D79C /* ViewController.swift */ = {isa = PBXFileReference; lastKnownFileType = sourcecode.swift; path = ViewController.swift; sourceTree = "<group>"; };
		295EDDC81F2B4E4C0093D79C /* Base */ = {isa = PBXFileReference; lastKnownFileType = file.storyboard; name = Base; path = Base.lproj/Main.storyboard; sourceTree = "<group>"; };
		295EDDCA1F2B4E4C0093D79C /* Assets.xcassets */ = {isa = PBXFileReference; lastKnownFileType = folder.assetcatalog; path = Assets.xcassets; sourceTree = "<group>"; };
		295EDDCD1F2B4E4C0093D79C /* Base */ = {isa = PBXFileReference; lastKnownFileType = file.storyboard; name = Base; path = Base.lproj/LaunchScreen.storyboard; sourceTree = "<group>"; };
		295EDDCF1F2B4E4C0093D79C /* Info.plist */ = {isa = PBXFileReference; lastKnownFileType = text.plist.xml; path = Info.plist; sourceTree = "<group>"; };
		295EDDD71F2B4EC30093D79C /* ABButton.swift */ = {isa = PBXFileReference; fileEncoding = 4; lastKnownFileType = sourcecode.swift; path = ABButton.swift; sourceTree = "<group>"; };
		295EDDD81F2B4EC30093D79C /* PasscodeViewController.swift */ = {isa = PBXFileReference; fileEncoding = 4; lastKnownFileType = sourcecode.swift; path = PasscodeViewController.swift; sourceTree = "<group>"; };
		295EDDD91F2B4EC30093D79C /* PasscodeViewController.xib */ = {isa = PBXFileReference; fileEncoding = 4; lastKnownFileType = file.xib; path = PasscodeViewController.xib; sourceTree = "<group>"; };
		295EDDDA1F2B4EC30093D79C /* String+Additions.swift */ = {isa = PBXFileReference; fileEncoding = 4; lastKnownFileType = sourcecode.swift; path = "String+Additions.swift"; sourceTree = "<group>"; };
		295EDDDF1F2B51330093D79C /* ABPasscode.podspec */ = {isa = PBXFileReference; fileEncoding = 4; lastKnownFileType = text; path = ABPasscode.podspec; sourceTree = "<group>"; };
		295EDDE01F2B51330093D79C /* LICENSE */ = {isa = PBXFileReference; fileEncoding = 4; lastKnownFileType = text; path = LICENSE; sourceTree = "<group>"; };
		295EDDE11F2B51330093D79C /* README.md */ = {isa = PBXFileReference; fileEncoding = 4; lastKnownFileType = net.daringfireball.markdown; path = README.md; sourceTree = "<group>"; };
/* End PBXFileReference section */

/* Begin PBXFrameworksBuildPhase section */
		295EDDBD1F2B4E4C0093D79C /* Frameworks */ = {
			isa = PBXFrameworksBuildPhase;
			buildActionMask = 2147483647;
			files = (
			);
			runOnlyForDeploymentPostprocessing = 0;
		};
/* End PBXFrameworksBuildPhase section */

/* Begin PBXGroup section */
		295EDDB71F2B4E4C0093D79C = {
			isa = PBXGroup;
			children = (
				295EDDDF1F2B51330093D79C /* ABPasscode.podspec */,
				295EDDE01F2B51330093D79C /* LICENSE */,
				295EDDE11F2B51330093D79C /* README.md */,
				295EDDC21F2B4E4C0093D79C /* ABPasscode */,
				295EDDC11F2B4E4C0093D79C /* Products */,
			);
			sourceTree = "<group>";
		};
		295EDDC11F2B4E4C0093D79C /* Products */ = {
			isa = PBXGroup;
			children = (
				295EDDC01F2B4E4C0093D79C /* ABPasscode.app */,
			);
			name = Products;
			sourceTree = "<group>";
		};
		295EDDC21F2B4E4C0093D79C /* ABPasscode */ = {
			isa = PBXGroup;
			children = (
				295EDDD61F2B4E610093D79C /* Example */,
				295EDDD51F2B4E5C0093D79C /* Source */,
			);
			path = ABPasscode;
			sourceTree = "<group>";
		};
		295EDDD51F2B4E5C0093D79C /* Source */ = {
			isa = PBXGroup;
			children = (
				295EDDD71F2B4EC30093D79C /* ABButton.swift */,
				295EDDD81F2B4EC30093D79C /* PasscodeViewController.swift */,
				295EDDD91F2B4EC30093D79C /* PasscodeViewController.xib */,
				295EDDDA1F2B4EC30093D79C /* String+Additions.swift */,
			);
			path = Source;
			sourceTree = "<group>";
		};
		295EDDD61F2B4E610093D79C /* Example */ = {
			isa = PBXGroup;
			children = (
				295EDDC31F2B4E4C0093D79C /* AppDelegate.swift */,
				295EDDC51F2B4E4C0093D79C /* ViewController.swift */,
				295EDDC71F2B4E4C0093D79C /* Main.storyboard */,
				295EDDCA1F2B4E4C0093D79C /* Assets.xcassets */,
				295EDDCC1F2B4E4C0093D79C /* LaunchScreen.storyboard */,
				295EDDCF1F2B4E4C0093D79C /* Info.plist */,
			);
			name = Example;
			sourceTree = "<group>";
		};
/* End PBXGroup section */

/* Begin PBXNativeTarget section */
		295EDDBF1F2B4E4C0093D79C /* ABPasscode */ = {
			isa = PBXNativeTarget;
			buildConfigurationList = 295EDDD21F2B4E4C0093D79C /* Build configuration list for PBXNativeTarget "ABPasscode" */;
			buildPhases = (
				295EDDBC1F2B4E4C0093D79C /* Sources */,
				295EDDBD1F2B4E4C0093D79C /* Frameworks */,
				295EDDBE1F2B4E4C0093D79C /* Resources */,
			);
			buildRules = (
			);
			dependencies = (
			);
			name = ABPasscode;
			productName = ABPasscode;
			productReference = 295EDDC01F2B4E4C0093D79C /* ABPasscode.app */;
			productType = "com.apple.product-type.application";
		};
/* End PBXNativeTarget section */

/* Begin PBXProject section */
		295EDDB81F2B4E4C0093D79C /* Project object */ = {
			isa = PBXProject;
			attributes = {
				LastSwiftUpdateCheck = 0830;
				LastUpgradeCheck = 0830;
				ORGANIZATIONNAME = "Asif Bilal";
				TargetAttributes = {
					295EDDBF1F2B4E4C0093D79C = {
						CreatedOnToolsVersion = 8.3.3;
						ProvisioningStyle = Automatic;
					};
				};
			};
			buildConfigurationList = 295EDDBB1F2B4E4C0093D79C /* Build configuration list for PBXProject "ABPasscode" */;
			compatibilityVersion = "Xcode 3.2";
			developmentRegion = English;
			hasScannedForEncodings = 0;
			knownRegions = (
				en,
				Base,
			);
			mainGroup = 295EDDB71F2B4E4C0093D79C;
			productRefGroup = 295EDDC11F2B4E4C0093D79C /* Products */;
			projectDirPath = "";
			projectRoot = "";
			targets = (
				295EDDBF1F2B4E4C0093D79C /* ABPasscode */,
			);
		};
/* End PBXProject section */

/* Begin PBXResourcesBuildPhase section */
		295EDDBE1F2B4E4C0093D79C /* Resources */ = {
			isa = PBXResourcesBuildPhase;
			buildActionMask = 2147483647;
			files = (
				295EDDE31F2B51330093D79C /* LICENSE in Resources */,
				295EDDDD1F2B4EC30093D79C /* PasscodeViewController.xib in Resources */,
				295EDDE21F2B51330093D79C /* ABPasscode.podspec in Resources */,
				295EDDCE1F2B4E4C0093D79C /* LaunchScreen.storyboard in Resources */,
				295EDDCB1F2B4E4C0093D79C /* Assets.xcassets in Resources */,
				295EDDC91F2B4E4C0093D79C /* Main.storyboard in Resources */,
			);
			runOnlyForDeploymentPostprocessing = 0;
		};
/* End PBXResourcesBuildPhase section */

/* Begin PBXSourcesBuildPhase section */
		295EDDBC1F2B4E4C0093D79C /* Sources */ = {
			isa = PBXSourcesBuildPhase;
			buildActionMask = 2147483647;
			files = (
				295EDDE41F2B51330093D79C /* README.md in Sources */,
				295EDDDC1F2B4EC30093D79C /* PasscodeViewController.swift in Sources */,
				295EDDDE1F2B4EC30093D79C /* String+Additions.swift in Sources */,
				295EDDC61F2B4E4C0093D79C /* ViewController.swift in Sources */,
				295EDDDB1F2B4EC30093D79C /* ABButton.swift in Sources */,
				295EDDC41F2B4E4C0093D79C /* AppDelegate.swift in Sources */,
			);
			runOnlyForDeploymentPostprocessing = 0;
		};
/* End PBXSourcesBuildPhase section */

/* Begin PBXVariantGroup section */
		295EDDC71F2B4E4C0093D79C /* Main.storyboard */ = {
			isa = PBXVariantGroup;
			children = (
				295EDDC81F2B4E4C0093D79C /* Base */,
			);
			name = Main.storyboard;
			sourceTree = "<group>";
		};
		295EDDCC1F2B4E4C0093D79C /* LaunchScreen.storyboard */ = {
			isa = PBXVariantGroup;
			children = (
				295EDDCD1F2B4E4C0093D79C /* Base */,
			);
			name = LaunchScreen.storyboard;
			sourceTree = "<group>";
		};
/* End PBXVariantGroup section */

/* Begin XCBuildConfiguration section */
		295EDDD01F2B4E4C0093D79C /* Debug */ = {
			isa = XCBuildConfiguration;
			buildSettings = {
				ALWAYS_SEARCH_USER_PATHS = NO;
				CLANG_ANALYZER_NONNULL = YES;
				CLANG_ANALYZER_NUMBER_OBJECT_CONVERSION = YES_AGGRESSIVE;
				CLANG_CXX_LANGUAGE_STANDARD = "gnu++0x";
				CLANG_CXX_LIBRARY = "libc++";
				CLANG_ENABLE_MODULES = YES;
				CLANG_ENABLE_OBJC_ARC = YES;
				CLANG_WARN_BOOL_CONVERSION = YES;
				CLANG_WARN_CONSTANT_CONVERSION = YES;
				CLANG_WARN_DIRECT_OBJC_ISA_USAGE = YES_ERROR;
				CLANG_WARN_DOCUMENTATION_COMMENTS = YES;
				CLANG_WARN_EMPTY_BODY = YES;
				CLANG_WARN_ENUM_CONVERSION = YES;
				CLANG_WARN_INFINITE_RECURSION = YES;
				CLANG_WARN_INT_CONVERSION = YES;
				CLANG_WARN_OBJC_ROOT_CLASS = YES_ERROR;
				CLANG_WARN_SUSPICIOUS_MOVE = YES;
				CLANG_WARN_UNREACHABLE_CODE = YES;
				CLANG_WARN__DUPLICATE_METHOD_MATCH = YES;
				"CODE_SIGN_IDENTITY[sdk=iphoneos*]" = "iPhone Developer";
				COPY_PHASE_STRIP = NO;
				DEBUG_INFORMATION_FORMAT = dwarf;
				ENABLE_STRICT_OBJC_MSGSEND = YES;
				ENABLE_TESTABILITY = YES;
				GCC_C_LANGUAGE_STANDARD = gnu99;
				GCC_DYNAMIC_NO_PIC = NO;
				GCC_NO_COMMON_BLOCKS = YES;
				GCC_OPTIMIZATION_LEVEL = 0;
				GCC_PREPROCESSOR_DEFINITIONS = (
					"DEBUG=1",
					"$(inherited)",
				);
				GCC_WARN_64_TO_32_BIT_CONVERSION = YES;
				GCC_WARN_ABOUT_RETURN_TYPE = YES_ERROR;
				GCC_WARN_UNDECLARED_SELECTOR = YES;
				GCC_WARN_UNINITIALIZED_AUTOS = YES_AGGRESSIVE;
				GCC_WARN_UNUSED_FUNCTION = YES;
				GCC_WARN_UNUSED_VARIABLE = YES;
				IPHONEOS_DEPLOYMENT_TARGET = 10.3;
				MTL_ENABLE_DEBUG_INFO = YES;
				ONLY_ACTIVE_ARCH = YES;
				SDKROOT = iphoneos;
				SWIFT_ACTIVE_COMPILATION_CONDITIONS = DEBUG;
				SWIFT_OPTIMIZATION_LEVEL = "-Onone";
			};
			name = Debug;
		};
		295EDDD11F2B4E4C0093D79C /* Release */ = {
			isa = XCBuildConfiguration;
			buildSettings = {
				ALWAYS_SEARCH_USER_PATHS = NO;
				CLANG_ANALYZER_NONNULL = YES;
				CLANG_ANALYZER_NUMBER_OBJECT_CONVERSION = YES_AGGRESSIVE;
				CLANG_CXX_LANGUAGE_STANDARD = "gnu++0x";
				CLANG_CXX_LIBRARY = "libc++";
				CLANG_ENABLE_MODULES = YES;
				CLANG_ENABLE_OBJC_ARC = YES;
				CLANG_WARN_BOOL_CONVERSION = YES;
				CLANG_WARN_CONSTANT_CONVERSION = YES;
				CLANG_WARN_DIRECT_OBJC_ISA_USAGE = YES_ERROR;
				CLANG_WARN_DOCUMENTATION_COMMENTS = YES;
				CLANG_WARN_EMPTY_BODY = YES;
				CLANG_WARN_ENUM_CONVERSION = YES;
				CLANG_WARN_INFINITE_RECURSION = YES;
				CLANG_WARN_INT_CONVERSION = YES;
				CLANG_WARN_OBJC_ROOT_CLASS = YES_ERROR;
				CLANG_WARN_SUSPICIOUS_MOVE = YES;
				CLANG_WARN_UNREACHABLE_CODE = YES;
				CLANG_WARN__DUPLICATE_METHOD_MATCH = YES;
				"CODE_SIGN_IDENTITY[sdk=iphoneos*]" = "iPhone Developer";
				COPY_PHASE_STRIP = NO;
				DEBUG_INFORMATION_FORMAT = "dwarf-with-dsym";
				ENABLE_NS_ASSERTIONS = NO;
				ENABLE_STRICT_OBJC_MSGSEND = YES;
				GCC_C_LANGUAGE_STANDARD = gnu99;
				GCC_NO_COMMON_BLOCKS = YES;
				GCC_WARN_64_TO_32_BIT_CONVERSION = YES;
				GCC_WARN_ABOUT_RETURN_TYPE = YES_ERROR;
				GCC_WARN_UNDECLARED_SELECTOR = YES;
				GCC_WARN_UNINITIALIZED_AUTOS = YES_AGGRESSIVE;
				GCC_WARN_UNUSED_FUNCTION = YES;
				GCC_WARN_UNUSED_VARIABLE = YES;
				IPHONEOS_DEPLOYMENT_TARGET = 10.3;
				MTL_ENABLE_DEBUG_INFO = NO;
				SDKROOT = iphoneos;
				SWIFT_OPTIMIZATION_LEVEL = "-Owholemodule";
				VALIDATE_PRODUCT = YES;
			};
			name = Release;
		};
		295EDDD31F2B4E4C0093D79C /* Debug */ = {
			isa = XCBuildConfiguration;
			buildSettings = {
				ASSETCATALOG_COMPILER_APPICON_NAME = AppIcon;
				INFOPLIST_FILE = ABPasscode/Info.plist;
				LD_RUNPATH_SEARCH_PATHS = "$(inherited) @executable_path/Frameworks";
				PRODUCT_BUNDLE_IDENTIFIER = com.asifbilal.ABPasscode;
				PRODUCT_NAME = "$(TARGET_NAME)";
				SWIFT_VERSION = 3.0;
			};
			name = Debug;
		};
		295EDDD41F2B4E4C0093D79C /* Release */ = {
			isa = XCBuildConfiguration;
			buildSettings = {
				ASSETCATALOG_COMPILER_APPICON_NAME = AppIcon;
				INFOPLIST_FILE = ABPasscode/Info.plist;
				LD_RUNPATH_SEARCH_PATHS = "$(inherited) @executable_path/Frameworks";
				PRODUCT_BUNDLE_IDENTIFIER = com.asifbilal.ABPasscode;
				PRODUCT_NAME = "$(TARGET_NAME)";
				SWIFT_VERSION = 3.0;
			};
			name = Release;
		};
/* End XCBuildConfiguration section */

/* Begin XCConfigurationList section */
		295EDDBB1F2B4E4C0093D79C /* Build configuration list for PBXProject "ABPasscode" */ = {
			isa = XCConfigurationList;
			buildConfigurations = (
				295EDDD01F2B4E4C0093D79C /* Debug */,
				295EDDD11F2B4E4C0093D79C /* Release */,
			);
			defaultConfigurationIsVisible = 0;
			defaultConfigurationName = Release;
		};
		295EDDD21F2B4E4C0093D79C /* Build configuration list for PBXNativeTarget "ABPasscode" */ = {
			isa = XCConfigurationList;
			buildConfigurations = (
				295EDDD31F2B4E4C0093D79C /* Debug */,
				295EDDD41F2B4E4C0093D79C /* Release */,
			);
			defaultConfigurationIsVisible = 0;
			defaultConfigurationName = Release;
		};
/* End XCConfigurationList section */
	};
	rootObject = 295EDDB81F2B4E4C0093D79C /* Project object */;
}
